
Microsoft Visual Studio Solution File, Format Version 12.00
# Visual Studio Version 16
VisualStudioVersion = 16.0.30503.244
MinimumVisualStudioVersion = 10.0.40219.1
Project("{FAE04EC0-301F-11D3-BF4B-00C04F79EFBC}") = "HepsiBizde", "HepsiBizde\HepsiBizde.csproj", "{388E107C-1DB6-4FF8-90E3-D42753E6C1F7}"
EndProject
Project("{FAE04EC0-301F-11D3-BF4B-00C04F79EFBC}") = "Proje.DataAcces", "Proje.DataAcces\Proje.DataAcces.csproj", "{AFF6C645-48DB-4635-A8C8-3469C5868BD0}"
EndProject
Project("{FAE04EC0-301F-11D3-BF4B-00C04F79EFBC}") = "Proje.Business", "Proje.Business\Proje.Business.csproj", "{DFF48941-DBC8-46FA-8D6A-45C155069D56}"
EndProject
Global
	GlobalSection(SolutionConfigurationPlatforms) = preSolution
		Debug|Any CPU = Debug|Any CPU
		Release|Any CPU = Release|Any CPU
	EndGlobalSection
	GlobalSection(ProjectConfigurationPlatforms) = postSolution
		{388E107C-1DB6-4FF8-90E3-D42753E6C1F7}.Debug|Any CPU.ActiveCfg = Debug|Any CPU
		{388E107C-1DB6-4FF8-90E3-D42753E6C1F7}.Debug|Any CPU.Build.0 = Debug|Any CPU
		{388E107C-1DB6-4FF8-90E3-D42753E6C1F7}.Release|Any CPU.ActiveCfg = Release|Any CPU
		{388E107C-1DB6-4FF8-90E3-D42753E6C1F7}.Release|Any CPU.Build.0 = Release|Any CPU
		{AFF6C645-48DB-4635-A8C8-3469C5868BD0}.Debug|Any CPU.ActiveCfg = Debug|Any CPU
		{AFF6C645-48DB-4635-A8C8-3469C5868BD0}.Debug|Any CPU.Build.0 = Debug|Any CPU
		{AFF6C645-48DB-4635-A8C8-3469C5868BD0}.Release|Any CPU.ActiveCfg = Release|Any CPU
		{AFF6C645-48DB-4635-A8C8-3469C5868BD0}.Release|Any CPU.Build.0 = Release|Any CPU
		{DFF48941-DBC8-46FA-8D6A-45C155069D56}.Debug|Any CPU.ActiveCfg = Debug|Any CPU
		{DFF48941-DBC8-46FA-8D6A-45C155069D56}.Debug|Any CPU.Build.0 = Debug|Any CPU
		{DFF48941-DBC8-46FA-8D6A-45C155069D56}.Release|Any CPU.ActiveCfg = Release|Any CPU
		{DFF48941-DBC8-46FA-8D6A-45C155069D56}.Release|Any CPU.Build.0 = Release|Any CPU
	EndGlobalSection
	GlobalSection(SolutionProperties) = preSolution
		HideSolutionNode = FALSE
	EndGlobalSection
	GlobalSection(ExtensibilityGlobals) = postSolution
		SolutionGuid = {46845CBF-2679-4376-B0F8-74E16790DA2D}
	EndGlobalSection
EndGlobal
